// !$*UTF8*$!
{
	archiveVersion = 1;
	classes = {
	};
	objectVersion = 54;
	objects = {

/* Begin PBXBuildFile section */
		3AF67A9725A64DF400D360A7 /* AppDelegate.m in Sources */ = {isa = PBXBuildFile; fileRef = 3AF67A9625A64DF400D360A7 /* AppDelegate.m */; };
		3AF67A9A25A64DF400D360A7 /* SceneDelegate.m in Sources */ = {isa = PBXBuildFile; fileRef = 3AF67A9925A64DF400D360A7 /* SceneDelegate.m */; };
		3AF67A9D25A64DF400D360A7 /* ViewController.m in Sources */ = {isa = PBXBuildFile; fileRef = 3AF67A9C25A64DF400D360A7 /* ViewController.m */; };
		3AF67AA025A64DF400D360A7 /* Main.storyboard in Resources */ = {isa = PBXBuildFile; fileRef = 3AF67A9E25A64DF400D360A7 /* Main.storyboard */; };
		3AF67AA225A64DF600D360A7 /* Assets.xcassets in Resources */ = {isa = PBXBuildFile; fileRef = 3AF67AA125A64DF600D360A7 /* Assets.xcassets */; };
		3AF67AA525A64DF600D360A7 /* LaunchScreen.storyboard in Resources */ = {isa = PBXBuildFile; fileRef = 3AF67AA325A64DF600D360A7 /* LaunchScreen.storyboard */; };
		3AF67AA825A64DF600D360A7 /* main.m in Sources */ = {isa = PBXBuildFile; fileRef = 3AF67AA725A64DF600D360A7 /* main.m */; };
		3AF67AB225A64DF600D360A7 /* VideoPlayerStoryboardTests.m in Sources */ = {isa = PBXBuildFile; fileRef = 3AF67AB125A64DF600D360A7 /* VideoPlayerStoryboardTests.m */; };
		3AF67ABD25A64DF600D360A7 /* VideoPlayerStoryboardUITests.m in Sources */ = {isa = PBXBuildFile; fileRef = 3AF67ABC25A64DF600D360A7 /* VideoPlayerStoryboardUITests.m */; };
		4F3D9F5E524F29E25035D558 /* Pods_VideoPlayerStoryboard.framework in Frameworks */ = {isa = PBXBuildFile; fileRef = 768296C2353A31C12A5C1458 /* Pods_VideoPlayerStoryboard.framework */; };
		CEA487FD2B549A9C00D8F6F3 /* VideoPlayerViewController.swift in Sources */ = {isa = PBXBuildFile; fileRef = CEA487FC2B549A9C00D8F6F3 /* VideoPlayerViewController.swift */; };
		CEA487FE2B549A9C00D8F6F3 /* VideoPlayerViewController.swift in Sources */ = {isa = PBXBuildFile; fileRef = CEA487FC2B549A9C00D8F6F3 /* VideoPlayerViewController.swift */; };
		CEA487FF2B549A9C00D8F6F3 /* VideoPlayerViewController.swift in Sources */ = {isa = PBXBuildFile; fileRef = CEA487FC2B549A9C00D8F6F3 /* VideoPlayerViewController.swift */; };
		CEA488042B549EC900D8F6F3 /* Video.swift in Sources */ = {isa = PBXBuildFile; fileRef = CEA488032B549EC900D8F6F3 /* Video.swift */; };
		CEA488052B549EC900D8F6F3 /* Video.swift in Sources */ = {isa = PBXBuildFile; fileRef = CEA488032B549EC900D8F6F3 /* Video.swift */; };
		CEA488062B549EC900D8F6F3 /* Video.swift in Sources */ = {isa = PBXBuildFile; fileRef = CEA488032B549EC900D8F6F3 /* Video.swift */; };
		CEA488122B54A26F00D8F6F3 /* apiCall.swift in Sources */ = {isa = PBXBuildFile; fileRef = CEA488112B54A26F00D8F6F3 /* apiCall.swift */; };
		CEA488132B54A26F00D8F6F3 /* apiCall.swift in Sources */ = {isa = PBXBuildFile; fileRef = CEA488112B54A26F00D8F6F3 /* apiCall.swift */; };
		CEA488142B54A26F00D8F6F3 /* apiCall.swift in Sources */ = {isa = PBXBuildFile; fileRef = CEA488112B54A26F00D8F6F3 /* apiCall.swift */; };
		CEA488172B54A2EE00D8F6F3 /* Constants.swift in Sources */ = {isa = PBXBuildFile; fileRef = CEA488162B54A2EE00D8F6F3 /* Constants.swift */; };
		CEA488182B54A2EE00D8F6F3 /* Constants.swift in Sources */ = {isa = PBXBuildFile; fileRef = CEA488162B54A2EE00D8F6F3 /* Constants.swift */; };
		CEA488192B54A2EE00D8F6F3 /* Constants.swift in Sources */ = {isa = PBXBuildFile; fileRef = CEA488162B54A2EE00D8F6F3 /* Constants.swift */; };
		CEA4881F2B54D38500D8F6F3 /* test.swift in Sources */ = {isa = PBXBuildFile; fileRef = CEA4881E2B54D38500D8F6F3 /* test.swift */; };
		D081E31456447AF0F3EF48E3 /* Pods_VideoPlayerStoryboard_VideoPlayerStoryboardUITests.framework in Frameworks */ = {isa = PBXBuildFile; fileRef = 87B4BEC6848B17FC9391C6BE /* Pods_VideoPlayerStoryboard_VideoPlayerStoryboardUITests.framework */; };
		D5E77745CA93B9469BFAC946 /* Pods_VideoPlayerStoryboardTests.framework in Frameworks */ = {isa = PBXBuildFile; fileRef = 6B32ABC386D67A7505A4CE8E /* Pods_VideoPlayerStoryboardTests.framework */; };
/* End PBXBuildFile section */

/* Begin PBXContainerItemProxy section */
		3AF67AAE25A64DF600D360A7 /* PBXContainerItemProxy */ = {
			isa = PBXContainerItemProxy;
			containerPortal = 3AF67A8A25A64DF400D360A7 /* Project object */;
			proxyType = 1;
			remoteGlobalIDString = 3AF67A9125A64DF400D360A7;
			remoteInfo = VideoPlayerStoryboard;
		};
		3AF67AB925A64DF600D360A7 /* PBXContainerItemProxy */ = {
			isa = PBXContainerItemProxy;
			containerPortal = 3AF67A8A25A64DF400D360A7 /* Project object */;
			proxyType = 1;
			remoteGlobalIDString = 3AF67A9125A64DF400D360A7;
			remoteInfo = VideoPlayerStoryboard;
		};
/* End PBXContainerItemProxy section */

/* Begin PBXFileReference section */
		11BD1B92AC34379C51472520 /* Pods-VideoPlayerStoryboardTests.release.xcconfig */ = {isa = PBXFileReference; includeInIndex = 1; lastKnownFileType = text.xcconfig; name = "Pods-VideoPlayerStoryboardTests.release.xcconfig"; path = "Target Support Files/Pods-VideoPlayerStoryboardTests/Pods-VideoPlayerStoryboardTests.release.xcconfig"; sourceTree = "<group>"; };
		28261A1DB671E4496C11EBD1 /* Pods-VideoPlayerStoryboard.release.xcconfig */ = {isa = PBXFileReference; includeInIndex = 1; lastKnownFileType = text.xcconfig; name = "Pods-VideoPlayerStoryboard.release.xcconfig"; path = "Target Support Files/Pods-VideoPlayerStoryboard/Pods-VideoPlayerStoryboard.release.xcconfig"; sourceTree = "<group>"; };
		3AF67A9225A64DF400D360A7 /* VideoPlayerStoryboard.app */ = {isa = PBXFileReference; explicitFileType = wrapper.application; includeInIndex = 0; path = VideoPlayerStoryboard.app; sourceTree = BUILT_PRODUCTS_DIR; };
		3AF67A9525A64DF400D360A7 /* AppDelegate.h */ = {isa = PBXFileReference; lastKnownFileType = sourcecode.c.h; path = AppDelegate.h; sourceTree = "<group>"; };
		3AF67A9625A64DF400D360A7 /* AppDelegate.m */ = {isa = PBXFileReference; lastKnownFileType = sourcecode.c.objc; path = AppDelegate.m; sourceTree = "<group>"; };
		3AF67A9825A64DF400D360A7 /* SceneDelegate.h */ = {isa = PBXFileReference; lastKnownFileType = sourcecode.c.h; path = SceneDelegate.h; sourceTree = "<group>"; };
		3AF67A9925A64DF400D360A7 /* SceneDelegate.m */ = {isa = PBXFileReference; lastKnownFileType = sourcecode.c.objc; path = SceneDelegate.m; sourceTree = "<group>"; };
		3AF67A9B25A64DF400D360A7 /* ViewController.h */ = {isa = PBXFileReference; lastKnownFileType = sourcecode.c.h; path = ViewController.h; sourceTree = "<group>"; };
		3AF67A9C25A64DF400D360A7 /* ViewController.m */ = {isa = PBXFileReference; lastKnownFileType = sourcecode.c.objc; path = ViewController.m; sourceTree = "<group>"; };
		3AF67A9F25A64DF400D360A7 /* Base */ = {isa = PBXFileReference; lastKnownFileType = file.storyboard; name = Base; path = Base.lproj/Main.storyboard; sourceTree = "<group>"; };
		3AF67AA125A64DF600D360A7 /* Assets.xcassets */ = {isa = PBXFileReference; lastKnownFileType = folder.assetcatalog; path = Assets.xcassets; sourceTree = "<group>"; };
		3AF67AA425A64DF600D360A7 /* Base */ = {isa = PBXFileReference; lastKnownFileType = file.storyboard; name = Base; path = Base.lproj/LaunchScreen.storyboard; sourceTree = "<group>"; };
		3AF67AA625A64DF600D360A7 /* Info.plist */ = {isa = PBXFileReference; lastKnownFileType = text.plist.xml; path = Info.plist; sourceTree = "<group>"; };
		3AF67AA725A64DF600D360A7 /* main.m */ = {isa = PBXFileReference; lastKnownFileType = sourcecode.c.objc; path = main.m; sourceTree = "<group>"; };
		3AF67AAD25A64DF600D360A7 /* VideoPlayerStoryboardTests.xctest */ = {isa = PBXFileReference; explicitFileType = wrapper.cfbundle; includeInIndex = 0; path = VideoPlayerStoryboardTests.xctest; sourceTree = BUILT_PRODUCTS_DIR; };
		3AF67AB125A64DF600D360A7 /* VideoPlayerStoryboardTests.m */ = {isa = PBXFileReference; lastKnownFileType = sourcecode.c.objc; path = VideoPlayerStoryboardTests.m; sourceTree = "<group>"; };
		3AF67AB325A64DF600D360A7 /* Info.plist */ = {isa = PBXFileReference; lastKnownFileType = text.plist.xml; path = Info.plist; sourceTree = "<group>"; };
		3AF67AB825A64DF600D360A7 /* VideoPlayerStoryboardUITests.xctest */ = {isa = PBXFileReference; explicitFileType = wrapper.cfbundle; includeInIndex = 0; path = VideoPlayerStoryboardUITests.xctest; sourceTree = BUILT_PRODUCTS_DIR; };
		3AF67ABC25A64DF600D360A7 /* VideoPlayerStoryboardUITests.m */ = {isa = PBXFileReference; lastKnownFileType = sourcecode.c.objc; path = VideoPlayerStoryboardUITests.m; sourceTree = "<group>"; };
		3AF67ABE25A64DF600D360A7 /* Info.plist */ = {isa = PBXFileReference; lastKnownFileType = text.plist.xml; path = Info.plist; sourceTree = "<group>"; };
		6B32ABC386D67A7505A4CE8E /* Pods_VideoPlayerStoryboardTests.framework */ = {isa = PBXFileReference; explicitFileType = wrapper.framework; includeInIndex = 0; path = Pods_VideoPlayerStoryboardTests.framework; sourceTree = BUILT_PRODUCTS_DIR; };
		768296C2353A31C12A5C1458 /* Pods_VideoPlayerStoryboard.framework */ = {isa = PBXFileReference; explicitFileType = wrapper.framework; includeInIndex = 0; path = Pods_VideoPlayerStoryboard.framework; sourceTree = BUILT_PRODUCTS_DIR; };
		87B4BEC6848B17FC9391C6BE /* Pods_VideoPlayerStoryboard_VideoPlayerStoryboardUITests.framework */ = {isa = PBXFileReference; explicitFileType = wrapper.framework; includeInIndex = 0; path = Pods_VideoPlayerStoryboard_VideoPlayerStoryboardUITests.framework; sourceTree = BUILT_PRODUCTS_DIR; };
		A732F740FC0A1FE82C10B989 /* Pods-VideoPlayerStoryboard-VideoPlayerStoryboardUITests.debug.xcconfig */ = {isa = PBXFileReference; includeInIndex = 1; lastKnownFileType = text.xcconfig; name = "Pods-VideoPlayerStoryboard-VideoPlayerStoryboardUITests.debug.xcconfig"; path = "Target Support Files/Pods-VideoPlayerStoryboard-VideoPlayerStoryboardUITests/Pods-VideoPlayerStoryboard-VideoPlayerStoryboardUITests.debug.xcconfig"; sourceTree = "<group>"; };
		B9862A0D2E6EEBB11B37AD7A /* Pods-VideoPlayerStoryboard.debug.xcconfig */ = {isa = PBXFileReference; includeInIndex = 1; lastKnownFileType = text.xcconfig; name = "Pods-VideoPlayerStoryboard.debug.xcconfig"; path = "Target Support Files/Pods-VideoPlayerStoryboard/Pods-VideoPlayerStoryboard.debug.xcconfig"; sourceTree = "<group>"; };
		CEA487F92B549A9B00D8F6F3 /* VideoPlayerStoryboard-Bridging-Header.h */ = {isa = PBXFileReference; lastKnownFileType = sourcecode.c.h; path = "VideoPlayerStoryboard-Bridging-Header.h"; sourceTree = "<group>"; };
		CEA487FA2B549A9B00D8F6F3 /* VideoPlayerStoryboardTests-Bridging-Header.h */ = {isa = PBXFileReference; lastKnownFileType = sourcecode.c.h; path = "VideoPlayerStoryboardTests-Bridging-Header.h"; sourceTree = "<group>"; };
		CEA487FB2B549A9B00D8F6F3 /* VideoPlayerStoryboardUITests-Bridging-Header.h */ = {isa = PBXFileReference; lastKnownFileType = sourcecode.c.h; path = "VideoPlayerStoryboardUITests-Bridging-Header.h"; sourceTree = "<group>"; };
		CEA487FC2B549A9C00D8F6F3 /* VideoPlayerViewController.swift */ = {isa = PBXFileReference; lastKnownFileType = sourcecode.swift; path = VideoPlayerViewController.swift; sourceTree = "<group>"; };
		CEA488032B549EC900D8F6F3 /* Video.swift */ = {isa = PBXFileReference; lastKnownFileType = sourcecode.swift; path = Video.swift; sourceTree = "<group>"; };
		CEA488112B54A26F00D8F6F3 /* apiCall.swift */ = {isa = PBXFileReference; lastKnownFileType = sourcecode.swift; path = apiCall.swift; sourceTree = "<group>"; };
		CEA488162B54A2EE00D8F6F3 /* Constants.swift */ = {isa = PBXFileReference; lastKnownFileType = sourcecode.swift; path = Constants.swift; sourceTree = "<group>"; };
		CEA4881E2B54D38500D8F6F3 /* test.swift */ = {isa = PBXFileReference; lastKnownFileType = sourcecode.swift; path = test.swift; sourceTree = "<group>"; };
		DCEB3EDBD7E31F3CE1710580 /* Pods-VideoPlayerStoryboard-VideoPlayerStoryboardUITests.release.xcconfig */ = {isa = PBXFileReference; includeInIndex = 1; lastKnownFileType = text.xcconfig; name = "Pods-VideoPlayerStoryboard-VideoPlayerStoryboardUITests.release.xcconfig"; path = "Target Support Files/Pods-VideoPlayerStoryboard-VideoPlayerStoryboardUITests/Pods-VideoPlayerStoryboard-VideoPlayerStoryboardUITests.release.xcconfig"; sourceTree = "<group>"; };
		E486809150780FE91CB1AF59 /* Pods-VideoPlayerStoryboardTests.debug.xcconfig */ = {isa = PBXFileReference; includeInIndex = 1; lastKnownFileType = text.xcconfig; name = "Pods-VideoPlayerStoryboardTests.debug.xcconfig"; path = "Target Support Files/Pods-VideoPlayerStoryboardTests/Pods-VideoPlayerStoryboardTests.debug.xcconfig"; sourceTree = "<group>"; };
/* End PBXFileReference section */

/* Begin PBXFrameworksBuildPhase section */
		3AF67A8F25A64DF400D360A7 /* Frameworks */ = {
			isa = PBXFrameworksBuildPhase;
			buildActionMask = 2147483647;
			files = (
				4F3D9F5E524F29E25035D558 /* Pods_VideoPlayerStoryboard.framework in Frameworks */,
			);
			runOnlyForDeploymentPostprocessing = 0;
		};
		3AF67AAA25A64DF600D360A7 /* Frameworks */ = {
			isa = PBXFrameworksBuildPhase;
			buildActionMask = 2147483647;
			files = (
				D5E77745CA93B9469BFAC946 /* Pods_VideoPlayerStoryboardTests.framework in Frameworks */,
			);
			runOnlyForDeploymentPostprocessing = 0;
		};
		3AF67AB525A64DF600D360A7 /* Frameworks */ = {
			isa = PBXFrameworksBuildPhase;
			buildActionMask = 2147483647;
			files = (
				D081E31456447AF0F3EF48E3 /* Pods_VideoPlayerStoryboard_VideoPlayerStoryboardUITests.framework in Frameworks */,
			);
			runOnlyForDeploymentPostprocessing = 0;
		};
/* End PBXFrameworksBuildPhase section */

/* Begin PBXGroup section */
		3AF67A8925A64DF400D360A7 = {
			isa = PBXGroup;
			children = (
				3AF67A9425A64DF400D360A7 /* VideoPlayerStoryboard */,
				3AF67AB025A64DF600D360A7 /* VideoPlayerStoryboardTests */,
				3AF67ABB25A64DF600D360A7 /* VideoPlayerStoryboardUITests */,
				3AF67A9325A64DF400D360A7 /* Products */,
				7975AF868B6B7109F34A17C0 /* Pods */,
				8EE1AF1F34467D0DB78F0B0F /* Frameworks */,
			);
			sourceTree = "<group>";
		};
		3AF67A9325A64DF400D360A7 /* Products */ = {
			isa = PBXGroup;
			children = (
				3AF67A9225A64DF400D360A7 /* VideoPlayerStoryboard.app */,
				3AF67AAD25A64DF600D360A7 /* VideoPlayerStoryboardTests.xctest */,
				3AF67AB825A64DF600D360A7 /* VideoPlayerStoryboardUITests.xctest */,
			);
			name = Products;
			sourceTree = "<group>";
		};
		3AF67A9425A64DF400D360A7 /* VideoPlayerStoryboard */ = {
			isa = PBXGroup;
			children = (
				CEA488152B54A2D500D8F6F3 /* Constants */,
				CEA488102B54A25D00D8F6F3 /* Network */,
				CEA488022B549EB300D8F6F3 /* Model */,
				CEA487F82B549A7900D8F6F3 /* View */,
				3AF67A9525A64DF400D360A7 /* AppDelegate.h */,
				3AF67A9625A64DF400D360A7 /* AppDelegate.m */,
				3AF67A9825A64DF400D360A7 /* SceneDelegate.h */,
				3AF67A9925A64DF400D360A7 /* SceneDelegate.m */,
				3AF67A9B25A64DF400D360A7 /* ViewController.h */,
				3AF67A9C25A64DF400D360A7 /* ViewController.m */,
				3AF67A9E25A64DF400D360A7 /* Main.storyboard */,
				3AF67AA125A64DF600D360A7 /* Assets.xcassets */,
				3AF67AA325A64DF600D360A7 /* LaunchScreen.storyboard */,
				3AF67AA625A64DF600D360A7 /* Info.plist */,
				3AF67AA725A64DF600D360A7 /* main.m */,
			);
			path = VideoPlayerStoryboard;
			sourceTree = "<group>";
		};
		3AF67AB025A64DF600D360A7 /* VideoPlayerStoryboardTests */ = {
			isa = PBXGroup;
			children = (
				3AF67AB125A64DF600D360A7 /* VideoPlayerStoryboardTests.m */,
				3AF67AB325A64DF600D360A7 /* Info.plist */,
				CEA4881E2B54D38500D8F6F3 /* test.swift */,
			);
			path = VideoPlayerStoryboardTests;
			sourceTree = "<group>";
		};
		3AF67ABB25A64DF600D360A7 /* VideoPlayerStoryboardUITests */ = {
			isa = PBXGroup;
			children = (
				3AF67ABC25A64DF600D360A7 /* VideoPlayerStoryboardUITests.m */,
				3AF67ABE25A64DF600D360A7 /* Info.plist */,
			);
			path = VideoPlayerStoryboardUITests;
			sourceTree = "<group>";
		};
		7975AF868B6B7109F34A17C0 /* Pods */ = {
			isa = PBXGroup;
			children = (
				B9862A0D2E6EEBB11B37AD7A /* Pods-VideoPlayerStoryboard.debug.xcconfig */,
				28261A1DB671E4496C11EBD1 /* Pods-VideoPlayerStoryboard.release.xcconfig */,
				A732F740FC0A1FE82C10B989 /* Pods-VideoPlayerStoryboard-VideoPlayerStoryboardUITests.debug.xcconfig */,
				DCEB3EDBD7E31F3CE1710580 /* Pods-VideoPlayerStoryboard-VideoPlayerStoryboardUITests.release.xcconfig */,
				E486809150780FE91CB1AF59 /* Pods-VideoPlayerStoryboardTests.debug.xcconfig */,
				11BD1B92AC34379C51472520 /* Pods-VideoPlayerStoryboardTests.release.xcconfig */,
			);
			path = Pods;
			sourceTree = "<group>";
		};
		8EE1AF1F34467D0DB78F0B0F /* Frameworks */ = {
			isa = PBXGroup;
			children = (
				768296C2353A31C12A5C1458 /* Pods_VideoPlayerStoryboard.framework */,
				87B4BEC6848B17FC9391C6BE /* Pods_VideoPlayerStoryboard_VideoPlayerStoryboardUITests.framework */,
				6B32ABC386D67A7505A4CE8E /* Pods_VideoPlayerStoryboardTests.framework */,
			);
			name = Frameworks;
			sourceTree = "<group>";
		};
		CEA487F82B549A7900D8F6F3 /* View */ = {
			isa = PBXGroup;
			children = (
				CEA487FC2B549A9C00D8F6F3 /* VideoPlayerViewController.swift */,
				CEA487F92B549A9B00D8F6F3 /* VideoPlayerStoryboard-Bridging-Header.h */,
				CEA487FA2B549A9B00D8F6F3 /* VideoPlayerStoryboardTests-Bridging-Header.h */,
				CEA487FB2B549A9B00D8F6F3 /* VideoPlayerStoryboardUITests-Bridging-Header.h */,
			);
			path = View;
			sourceTree = "<group>";
		};
		CEA488022B549EB300D8F6F3 /* Model */ = {
			isa = PBXGroup;
			children = (
				CEA488032B549EC900D8F6F3 /* Video.swift */,
			);
			path = Model;
			sourceTree = "<group>";
		};
		CEA488102B54A25D00D8F6F3 /* Network */ = {
			isa = PBXGroup;
			children = (
				CEA488112B54A26F00D8F6F3 /* apiCall.swift */,
			);
			path = Network;
			sourceTree = "<group>";
		};
		CEA488152B54A2D500D8F6F3 /* Constants */ = {
			isa = PBXGroup;
			children = (
				CEA488162B54A2EE00D8F6F3 /* Constants.swift */,
			);
			path = Constants;
			sourceTree = "<group>";
		};
/* End PBXGroup section */

/* Begin PBXNativeTarget section */
		3AF67A9125A64DF400D360A7 /* VideoPlayerStoryboard */ = {
			isa = PBXNativeTarget;
			buildConfigurationList = 3AF67AC125A64DF600D360A7 /* Build configuration list for PBXNativeTarget "VideoPlayerStoryboard" */;
			buildPhases = (
				CB6AC3B7290C14B9B6035FFF /* [CP] Check Pods Manifest.lock */,
				3AF67A8E25A64DF400D360A7 /* Sources */,
				3AF67A8F25A64DF400D360A7 /* Frameworks */,
				3AF67A9025A64DF400D360A7 /* Resources */,
				04EF21CF02B3E689691AB70F /* [CP] Embed Pods Frameworks */,
			);
			buildRules = (
			);
			dependencies = (
			);
			name = VideoPlayerStoryboard;
			productName = VideoPlayerStoryboard;
			productReference = 3AF67A9225A64DF400D360A7 /* VideoPlayerStoryboard.app */;
			productType = "com.apple.product-type.application";
		};
		3AF67AAC25A64DF600D360A7 /* VideoPlayerStoryboardTests */ = {
			isa = PBXNativeTarget;
			buildConfigurationList = 3AF67AC425A64DF600D360A7 /* Build configuration list for PBXNativeTarget "VideoPlayerStoryboardTests" */;
			buildPhases = (
				FABEF6325253197EA852EE02 /* [CP] Check Pods Manifest.lock */,
				3AF67AA925A64DF600D360A7 /* Sources */,
				3AF67AAA25A64DF600D360A7 /* Frameworks */,
				3AF67AAB25A64DF600D360A7 /* Resources */,
				AE66FEBB24EAD206279458B6 /* [CP] Embed Pods Frameworks */,
			);
			buildRules = (
			);
			dependencies = (
				3AF67AAF25A64DF600D360A7 /* PBXTargetDependency */,
			);
			name = VideoPlayerStoryboardTests;
			productName = VideoPlayerStoryboardTests;
			productReference = 3AF67AAD25A64DF600D360A7 /* VideoPlayerStoryboardTests.xctest */;
			productType = "com.apple.product-type.bundle.unit-test";
		};
		3AF67AB725A64DF600D360A7 /* VideoPlayerStoryboardUITests */ = {
			isa = PBXNativeTarget;
			buildConfigurationList = 3AF67AC725A64DF600D360A7 /* Build configuration list for PBXNativeTarget "VideoPlayerStoryboardUITests" */;
			buildPhases = (
				34870F6E6621339201A75485 /* [CP] Check Pods Manifest.lock */,
				3AF67AB425A64DF600D360A7 /* Sources */,
				3AF67AB525A64DF600D360A7 /* Frameworks */,
				3AF67AB625A64DF600D360A7 /* Resources */,
				8F6186FF58D264A507824531 /* [CP] Embed Pods Frameworks */,
			);
			buildRules = (
			);
			dependencies = (
				3AF67ABA25A64DF600D360A7 /* PBXTargetDependency */,
			);
			name = VideoPlayerStoryboardUITests;
			productName = VideoPlayerStoryboardUITests;
			productReference = 3AF67AB825A64DF600D360A7 /* VideoPlayerStoryboardUITests.xctest */;
			productType = "com.apple.product-type.bundle.ui-testing";
		};
/* End PBXNativeTarget section */

/* Begin PBXProject section */
		3AF67A8A25A64DF400D360A7 /* Project object */ = {
			isa = PBXProject;
			attributes = {
				LastUpgradeCheck = 1210;
				TargetAttributes = {
					3AF67A9125A64DF400D360A7 = {
						CreatedOnToolsVersion = 12.1;
						LastSwiftMigration = 1520;
					};
					3AF67AAC25A64DF600D360A7 = {
						CreatedOnToolsVersion = 12.1;
						LastSwiftMigration = 1520;
						TestTargetID = 3AF67A9125A64DF400D360A7;
					};
					3AF67AB725A64DF600D360A7 = {
						CreatedOnToolsVersion = 12.1;
						LastSwiftMigration = 1520;
						TestTargetID = 3AF67A9125A64DF400D360A7;
					};
				};
			};
			buildConfigurationList = 3AF67A8D25A64DF400D360A7 /* Build configuration list for PBXProject "VideoPlayerStoryboard" */;
			compatibilityVersion = "Xcode 9.3";
			developmentRegion = en;
			hasScannedForEncodings = 0;
			knownRegions = (
				en,
				Base,
			);
			mainGroup = 3AF67A8925A64DF400D360A7;
			productRefGroup = 3AF67A9325A64DF400D360A7 /* Products */;
			projectDirPath = "";
			projectRoot = "";
			targets = (
				3AF67A9125A64DF400D360A7 /* VideoPlayerStoryboard */,
				3AF67AAC25A64DF600D360A7 /* VideoPlayerStoryboardTests */,
				3AF67AB725A64DF600D360A7 /* VideoPlayerStoryboardUITests */,
			);
		};
/* End PBXProject section */

/* Begin PBXResourcesBuildPhase section */
		3AF67A9025A64DF400D360A7 /* Resources */ = {
			isa = PBXResourcesBuildPhase;
			buildActionMask = 2147483647;
			files = (
				3AF67AA525A64DF600D360A7 /* LaunchScreen.storyboard in Resources */,
				3AF67AA225A64DF600D360A7 /* Assets.xcassets in Resources */,
				3AF67AA025A64DF400D360A7 /* Main.storyboard in Resources */,
			);
			runOnlyForDeploymentPostprocessing = 0;
		};
		3AF67AAB25A64DF600D360A7 /* Resources */ = {
			isa = PBXResourcesBuildPhase;
			buildActionMask = 2147483647;
			files = (
			);
			runOnlyForDeploymentPostprocessing = 0;
		};
		3AF67AB625A64DF600D360A7 /* Resources */ = {
			isa = PBXResourcesBuildPhase;
			buildActionMask = 2147483647;
			files = (
			);
			runOnlyForDeploymentPostprocessing = 0;
		};
/* End PBXResourcesBuildPhase section */

/* Begin PBXShellScriptBuildPhase section */
		04EF21CF02B3E689691AB70F /* [CP] Embed Pods Frameworks */ = {
			isa = PBXShellScriptBuildPhase;
			buildActionMask = 2147483647;
			files = (
			);
			inputFileListPaths = (
				"${PODS_ROOT}/Target Support Files/Pods-VideoPlayerStoryboard/Pods-VideoPlayerStoryboard-frameworks-${CONFIGURATION}-input-files.xcfilelist",
			);
			name = "[CP] Embed Pods Frameworks";
			outputFileListPaths = (
				"${PODS_ROOT}/Target Support Files/Pods-VideoPlayerStoryboard/Pods-VideoPlayerStoryboard-frameworks-${CONFIGURATION}-output-files.xcfilelist",
			);
			runOnlyForDeploymentPostprocessing = 0;
			shellPath = /bin/sh;
			shellScript = "\"${PODS_ROOT}/Target Support Files/Pods-VideoPlayerStoryboard/Pods-VideoPlayerStoryboard-frameworks.sh\"\n";
			showEnvVarsInLog = 0;
		};
		34870F6E6621339201A75485 /* [CP] Check Pods Manifest.lock */ = {
			isa = PBXShellScriptBuildPhase;
			buildActionMask = 2147483647;
			files = (
			);
			inputFileListPaths = (
			);
			inputPaths = (
				"${PODS_PODFILE_DIR_PATH}/Podfile.lock",
				"${PODS_ROOT}/Manifest.lock",
			);
			name = "[CP] Check Pods Manifest.lock";
			outputFileListPaths = (
			);
			outputPaths = (
				"$(DERIVED_FILE_DIR)/Pods-VideoPlayerStoryboard-VideoPlayerStoryboardUITests-checkManifestLockResult.txt",
			);
			runOnlyForDeploymentPostprocessing = 0;
			shellPath = /bin/sh;
			shellScript = "diff \"${PODS_PODFILE_DIR_PATH}/Podfile.lock\" \"${PODS_ROOT}/Manifest.lock\" > /dev/null\nif [ $? != 0 ] ; then\n    # print error to STDERR\n    echo \"error: The sandbox is not in sync with the Podfile.lock. Run 'pod install' or update your CocoaPods installation.\" >&2\n    exit 1\nfi\n# This output is used by Xcode 'outputs' to avoid re-running this script phase.\necho \"SUCCESS\" > \"${SCRIPT_OUTPUT_FILE_0}\"\n";
			showEnvVarsInLog = 0;
		};
		8F6186FF58D264A507824531 /* [CP] Embed Pods Frameworks */ = {
			isa = PBXShellScriptBuildPhase;
			buildActionMask = 2147483647;
			files = (
			);
			inputFileListPaths = (
				"${PODS_ROOT}/Target Support Files/Pods-VideoPlayerStoryboard-VideoPlayerStoryboardUITests/Pods-VideoPlayerStoryboard-VideoPlayerStoryboardUITests-frameworks-${CONFIGURATION}-input-files.xcfilelist",
			);
			name = "[CP] Embed Pods Frameworks";
			outputFileListPaths = (
				"${PODS_ROOT}/Target Support Files/Pods-VideoPlayerStoryboard-VideoPlayerStoryboardUITests/Pods-VideoPlayerStoryboard-VideoPlayerStoryboardUITests-frameworks-${CONFIGURATION}-output-files.xcfilelist",
			);
			runOnlyForDeploymentPostprocessing = 0;
			shellPath = /bin/sh;
			shellScript = "\"${PODS_ROOT}/Target Support Files/Pods-VideoPlayerStoryboard-VideoPlayerStoryboardUITests/Pods-VideoPlayerStoryboard-VideoPlayerStoryboardUITests-frameworks.sh\"\n";
			showEnvVarsInLog = 0;
		};
		AE66FEBB24EAD206279458B6 /* [CP] Embed Pods Frameworks */ = {
			isa = PBXShellScriptBuildPhase;
			buildActionMask = 2147483647;
			files = (
			);
			inputFileListPaths = (
				"${PODS_ROOT}/Target Support Files/Pods-VideoPlayerStoryboardTests/Pods-VideoPlayerStoryboardTests-frameworks-${CONFIGURATION}-input-files.xcfilelist",
			);
			name = "[CP] Embed Pods Frameworks";
			outputFileListPaths = (
				"${PODS_ROOT}/Target Support Files/Pods-VideoPlayerStoryboardTests/Pods-VideoPlayerStoryboardTests-frameworks-${CONFIGURATION}-output-files.xcfilelist",
			);
			runOnlyForDeploymentPostprocessing = 0;
			shellPath = /bin/sh;
			shellScript = "\"${PODS_ROOT}/Target Support Files/Pods-VideoPlayerStoryboardTests/Pods-VideoPlayerStoryboardTests-frameworks.sh\"\n";
			showEnvVarsInLog = 0;
		};
		CB6AC3B7290C14B9B6035FFF /* [CP] Check Pods Manifest.lock */ = {
			isa = PBXShellScriptBuildPhase;
			buildActionMask = 2147483647;
			files = (
			);
			inputFileListPaths = (
			);
			inputPaths = (
				"${PODS_PODFILE_DIR_PATH}/Podfile.lock",
				"${PODS_ROOT}/Manifest.lock",
			);
			name = "[CP] Check Pods Manifest.lock";
			outputFileListPaths = (
			);
			outputPaths = (
				"$(DERIVED_FILE_DIR)/Pods-VideoPlayerStoryboard-checkManifestLockResult.txt",
			);
			runOnlyForDeploymentPostprocessing = 0;
			shellPath = /bin/sh;
			shellScript = "diff \"${PODS_PODFILE_DIR_PATH}/Podfile.lock\" \"${PODS_ROOT}/Manifest.lock\" > /dev/null\nif [ $? != 0 ] ; then\n    # print error to STDERR\n    echo \"error: The sandbox is not in sync with the Podfile.lock. Run 'pod install' or update your CocoaPods installation.\" >&2\n    exit 1\nfi\n# This output is used by Xcode 'outputs' to avoid re-running this script phase.\necho \"SUCCESS\" > \"${SCRIPT_OUTPUT_FILE_0}\"\n";
			showEnvVarsInLog = 0;
		};
		FABEF6325253197EA852EE02 /* [CP] Check Pods Manifest.lock */ = {
			isa = PBXShellScriptBuildPhase;
			buildActionMask = 2147483647;
			files = (
			);
			inputFileListPaths = (
			);
			inputPaths = (
				"${PODS_PODFILE_DIR_PATH}/Podfile.lock",
				"${PODS_ROOT}/Manifest.lock",
			);
			name = "[CP] Check Pods Manifest.lock";
			outputFileListPaths = (
			);
			outputPaths = (
				"$(DERIVED_FILE_DIR)/Pods-VideoPlayerStoryboardTests-checkManifestLockResult.txt",
			);
			runOnlyForDeploymentPostprocessing = 0;
			shellPath = /bin/sh;
			shellScript = "diff \"${PODS_PODFILE_DIR_PATH}/Podfile.lock\" \"${PODS_ROOT}/Manifest.lock\" > /dev/null\nif [ $? != 0 ] ; then\n    # print error to STDERR\n    echo \"error: The sandbox is not in sync with the Podfile.lock. Run 'pod install' or update your CocoaPods installation.\" >&2\n    exit 1\nfi\n# This output is used by Xcode 'outputs' to avoid re-running this script phase.\necho \"SUCCESS\" > \"${SCRIPT_OUTPUT_FILE_0}\"\n";
			showEnvVarsInLog = 0;
		};
/* End PBXShellScriptBuildPhase section */

/* Begin PBXSourcesBuildPhase section */
		3AF67A8E25A64DF400D360A7 /* Sources */ = {
			isa = PBXSourcesBuildPhase;
			buildActionMask = 2147483647;
			files = (
				3AF67A9D25A64DF400D360A7 /* ViewController.m in Sources */,
				CEA488042B549EC900D8F6F3 /* Video.swift in Sources */,
				3AF67A9725A64DF400D360A7 /* AppDelegate.m in Sources */,
				CEA487FD2B549A9C00D8F6F3 /* VideoPlayerViewController.swift in Sources */,
				CEA488122B54A26F00D8F6F3 /* apiCall.swift in Sources */,
				3AF67AA825A64DF600D360A7 /* main.m in Sources */,
				3AF67A9A25A64DF400D360A7 /* SceneDelegate.m in Sources */,
				CEA488172B54A2EE00D8F6F3 /* Constants.swift in Sources */,
			);
			runOnlyForDeploymentPostprocessing = 0;
		};
		3AF67AA925A64DF600D360A7 /* Sources */ = {
			isa = PBXSourcesBuildPhase;
			buildActionMask = 2147483647;
			files = (
				CEA488182B54A2EE00D8F6F3 /* Constants.swift in Sources */,
				CEA4881F2B54D38500D8F6F3 /* test.swift in Sources */,
				3AF67AB225A64DF600D360A7 /* VideoPlayerStoryboardTests.m in Sources */,
				CEA488052B549EC900D8F6F3 /* Video.swift in Sources */,
				CEA488132B54A26F00D8F6F3 /* apiCall.swift in Sources */,
				CEA487FE2B549A9C00D8F6F3 /* VideoPlayerViewController.swift in Sources */,
			);
			runOnlyForDeploymentPostprocessing = 0;
		};
		3AF67AB425A64DF600D360A7 /* Sources */ = {
			isa = PBXSourcesBuildPhase;
			buildActionMask = 2147483647;
			files = (
				CEA488192B54A2EE00D8F6F3 /* Constants.swift in Sources */,
				3AF67ABD25A64DF600D360A7 /* VideoPlayerStoryboardUITests.m in Sources */,
				CEA488062B549EC900D8F6F3 /* Video.swift in Sources */,
				CEA488142B54A26F00D8F6F3 /* apiCall.swift in Sources */,
				CEA487FF2B549A9C00D8F6F3 /* VideoPlayerViewController.swift in Sources */,
			);
			runOnlyForDeploymentPostprocessing = 0;
		};
/* End PBXSourcesBuildPhase section */

/* Begin PBXTargetDependency section */
		3AF67AAF25A64DF600D360A7 /* PBXTargetDependency */ = {
			isa = PBXTargetDependency;
			target = 3AF67A9125A64DF400D360A7 /* VideoPlayerStoryboard */;
			targetProxy = 3AF67AAE25A64DF600D360A7 /* PBXContainerItemProxy */;
		};
		3AF67ABA25A64DF600D360A7 /* PBXTargetDependency */ = {
			isa = PBXTargetDependency;
			target = 3AF67A9125A64DF400D360A7 /* VideoPlayerStoryboard */;
			targetProxy = 3AF67AB925A64DF600D360A7 /* PBXContainerItemProxy */;
		};
/* End PBXTargetDependency section */

/* Begin PBXVariantGroup section */
		3AF67A9E25A64DF400D360A7 /* Main.storyboard */ = {
			isa = PBXVariantGroup;
			children = (
				3AF67A9F25A64DF400D360A7 /* Base */,
			);
			name = Main.storyboard;
			sourceTree = "<group>";
		};
		3AF67AA325A64DF600D360A7 /* LaunchScreen.storyboard */ = {
			isa = PBXVariantGroup;
			children = (
				3AF67AA425A64DF600D360A7 /* Base */,
			);
			name = LaunchScreen.storyboard;
			sourceTree = "<group>";
		};
/* End PBXVariantGroup section */

/* Begin XCBuildConfiguration section */
		3AF67ABF25A64DF600D360A7 /* Debug */ = {
			isa = XCBuildConfiguration;
			buildSettings = {
				ALWAYS_SEARCH_USER_PATHS = NO;
				CLANG_ANALYZER_NONNULL = YES;
				CLANG_ANALYZER_NUMBER_OBJECT_CONVERSION = YES_AGGRESSIVE;
				CLANG_CXX_LANGUAGE_STANDARD = "gnu++14";
				CLANG_CXX_LIBRARY = "libc++";
				CLANG_ENABLE_MODULES = YES;
				CLANG_ENABLE_OBJC_ARC = YES;
				CLANG_ENABLE_OBJC_WEAK = YES;
				CLANG_WARN_BLOCK_CAPTURE_AUTORELEASING = YES;
				CLANG_WARN_BOOL_CONVERSION = YES;
				CLANG_WARN_COMMA = YES;
				CLANG_WARN_CONSTANT_CONVERSION = YES;
				CLANG_WARN_DEPRECATED_OBJC_IMPLEMENTATIONS = YES;
				CLANG_WARN_DIRECT_OBJC_ISA_USAGE = YES_ERROR;
				CLANG_WARN_DOCUMENTATION_COMMENTS = YES;
				CLANG_WARN_EMPTY_BODY = YES;
				CLANG_WARN_ENUM_CONVERSION = YES;
				CLANG_WARN_INFINITE_RECURSION = YES;
				CLANG_WARN_INT_CONVERSION = YES;
				CLANG_WARN_NON_LITERAL_NULL_CONVERSION = YES;
				CLANG_WARN_OBJC_IMPLICIT_RETAIN_SELF = YES;
				CLANG_WARN_OBJC_LITERAL_CONVERSION = YES;
				CLANG_WARN_OBJC_ROOT_CLASS = YES_ERROR;
				CLANG_WARN_QUOTED_INCLUDE_IN_FRAMEWORK_HEADER = YES;
				CLANG_WARN_RANGE_LOOP_ANALYSIS = YES;
				CLANG_WARN_STRICT_PROTOTYPES = YES;
				CLANG_WARN_SUSPICIOUS_MOVE = YES;
				CLANG_WARN_UNGUARDED_AVAILABILITY = YES_AGGRESSIVE;
				CLANG_WARN_UNREACHABLE_CODE = YES;
				CLANG_WARN__DUPLICATE_METHOD_MATCH = YES;
				COPY_PHASE_STRIP = NO;
				DEBUG_INFORMATION_FORMAT = dwarf;
				ENABLE_STRICT_OBJC_MSGSEND = YES;
				ENABLE_TESTABILITY = YES;
				GCC_C_LANGUAGE_STANDARD = gnu11;
				GCC_DYNAMIC_NO_PIC = NO;
				GCC_NO_COMMON_BLOCKS = YES;
				GCC_OPTIMIZATION_LEVEL = 0;
				GCC_PREPROCESSOR_DEFINITIONS = (
					"DEBUG=1",
					"$(inherited)",
				);
				GCC_WARN_64_TO_32_BIT_CONVERSION = YES;
				GCC_WARN_ABOUT_RETURN_TYPE = YES_ERROR;
				GCC_WARN_UNDECLARED_SELECTOR = YES;
				GCC_WARN_UNINITIALIZED_AUTOS = YES_AGGRESSIVE;
				GCC_WARN_UNUSED_FUNCTION = YES;
				GCC_WARN_UNUSED_VARIABLE = YES;
				IPHONEOS_DEPLOYMENT_TARGET = 14.1;
				MTL_ENABLE_DEBUG_INFO = INCLUDE_SOURCE;
				MTL_FAST_MATH = YES;
				ONLY_ACTIVE_ARCH = YES;
				SDKROOT = iphoneos;
			};
			name = Debug;
		};
		3AF67AC025A64DF600D360A7 /* Release */ = {
			isa = XCBuildConfiguration;
			buildSettings = {
				ALWAYS_SEARCH_USER_PATHS = NO;
				CLANG_ANALYZER_NONNULL = YES;
				CLANG_ANALYZER_NUMBER_OBJECT_CONVERSION = YES_AGGRESSIVE;
				CLANG_CXX_LANGUAGE_STANDARD = "gnu++14";
				CLANG_CXX_LIBRARY = "libc++";
				CLANG_ENABLE_MODULES = YES;
				CLANG_ENABLE_OBJC_ARC = YES;
				CLANG_ENABLE_OBJC_WEAK = YES;
				CLANG_WARN_BLOCK_CAPTURE_AUTORELEASING = YES;
				CLANG_WARN_BOOL_CONVERSION = YES;
				CLANG_WARN_COMMA = YES;
				CLANG_WARN_CONSTANT_CONVERSION = YES;
				CLANG_WARN_DEPRECATED_OBJC_IMPLEMENTATIONS = YES;
				CLANG_WARN_DIRECT_OBJC_ISA_USAGE = YES_ERROR;
				CLANG_WARN_DOCUMENTATION_COMMENTS = YES;
				CLANG_WARN_EMPTY_BODY = YES;
				CLANG_WARN_ENUM_CONVERSION = YES;
				CLANG_WARN_INFINITE_RECURSION = YES;
				CLANG_WARN_INT_CONVERSION = YES;
				CLANG_WARN_NON_LITERAL_NULL_CONVERSION = YES;
				CLANG_WARN_OBJC_IMPLICIT_RETAIN_SELF = YES;
				CLANG_WARN_OBJC_LITERAL_CONVERSION = YES;
				CLANG_WARN_OBJC_ROOT_CLASS = YES_ERROR;
				CLANG_WARN_QUOTED_INCLUDE_IN_FRAMEWORK_HEADER = YES;
				CLANG_WARN_RANGE_LOOP_ANALYSIS = YES;
				CLANG_WARN_STRICT_PROTOTYPES = YES;
				CLANG_WARN_SUSPICIOUS_MOVE = YES;
				CLANG_WARN_UNGUARDED_AVAILABILITY = YES_AGGRESSIVE;
				CLANG_WARN_UNREACHABLE_CODE = YES;
				CLANG_WARN__DUPLICATE_METHOD_MATCH = YES;
				COPY_PHASE_STRIP = NO;
				DEBUG_INFORMATION_FORMAT = "dwarf-with-dsym";
				ENABLE_NS_ASSERTIONS = NO;
				ENABLE_STRICT_OBJC_MSGSEND = YES;
				GCC_C_LANGUAGE_STANDARD = gnu11;
				GCC_NO_COMMON_BLOCKS = YES;
				GCC_WARN_64_TO_32_BIT_CONVERSION = YES;
				GCC_WARN_ABOUT_RETURN_TYPE = YES_ERROR;
				GCC_WARN_UNDECLARED_SELECTOR = YES;
				GCC_WARN_UNINITIALIZED_AUTOS = YES_AGGRESSIVE;
				GCC_WARN_UNUSED_FUNCTION = YES;
				GCC_WARN_UNUSED_VARIABLE = YES;
				IPHONEOS_DEPLOYMENT_TARGET = 14.1;
				MTL_ENABLE_DEBUG_INFO = NO;
				MTL_FAST_MATH = YES;
				SDKROOT = iphoneos;
				VALIDATE_PRODUCT = YES;
			};
			name = Release;
		};
		3AF67AC225A64DF600D360A7 /* Debug */ = {
			isa = XCBuildConfiguration;
			baseConfigurationReference = B9862A0D2E6EEBB11B37AD7A /* Pods-VideoPlayerStoryboard.debug.xcconfig */;
			buildSettings = {
				ASSETCATALOG_COMPILER_APPICON_NAME = AppIcon;
				ASSETCATALOG_COMPILER_GLOBAL_ACCENT_COLOR_NAME = AccentColor;
				CLANG_ENABLE_MODULES = YES;
				CODE_SIGN_STYLE = Automatic;
				INFOPLIST_FILE = VideoPlayerStoryboard/Info.plist;
				LD_RUNPATH_SEARCH_PATHS = (
					"$(inherited)",
					"@executable_path/Frameworks",
				);
				PRODUCT_BUNDLE_IDENTIFIER = com.silverorange.VideoPlayerStoryboard;
				PRODUCT_NAME = "$(TARGET_NAME)";
				SWIFT_OBJC_BRIDGING_HEADER = "VideoPlayerStoryboard/View/VideoPlayerStoryboard-Bridging-Header.h";
				SWIFT_OPTIMIZATION_LEVEL = "-Onone";
				SWIFT_VERSION = 5.0;
				TARGETED_DEVICE_FAMILY = "1,2";
			};
			name = Debug;
		};
		3AF67AC325A64DF600D360A7 /* Release */ = {
			isa = XCBuildConfiguration;
			baseConfigurationReference = 28261A1DB671E4496C11EBD1 /* Pods-VideoPlayerStoryboard.release.xcconfig */;
			buildSettings = {
				ASSETCATALOG_COMPILER_APPICON_NAME = AppIcon;
				ASSETCATALOG_COMPILER_GLOBAL_ACCENT_COLOR_NAME = AccentColor;
				CLANG_ENABLE_MODULES = YES;
				CODE_SIGN_STYLE = Automatic;
				INFOPLIST_FILE = VideoPlayerStoryboard/Info.plist;
				LD_RUNPATH_SEARCH_PATHS = (
					"$(inherited)",
					"@executable_path/Frameworks",
				);
				PRODUCT_BUNDLE_IDENTIFIER = com.silverorange.VideoPlayerStoryboard;
				PRODUCT_NAME = "$(TARGET_NAME)";
				SWIFT_OBJC_BRIDGING_HEADER = "VideoPlayerStoryboard/View/VideoPlayerStoryboard-Bridging-Header.h";
				SWIFT_VERSION = 5.0;
				TARGETED_DEVICE_FAMILY = "1,2";
			};
			name = Release;
		};
		3AF67AC525A64DF600D360A7 /* Debug */ = {
			isa = XCBuildConfiguration;
			baseConfigurationReference = E486809150780FE91CB1AF59 /* Pods-VideoPlayerStoryboardTests.debug.xcconfig */;
			buildSettings = {
				ALWAYS_EMBED_SWIFT_STANDARD_LIBRARIES = YES;
				BUNDLE_LOADER = "$(TEST_HOST)";
				CLANG_ENABLE_MODULES = YES;
				CODE_SIGN_STYLE = Automatic;
				INFOPLIST_FILE = VideoPlayerStoryboardTests/Info.plist;
				IPHONEOS_DEPLOYMENT_TARGET = 14.1;
				LD_RUNPATH_SEARCH_PATHS = (
					"$(inherited)",
					"@executable_path/Frameworks",
					"@loader_path/Frameworks",
				);
				PRODUCT_BUNDLE_IDENTIFIER = com.silverorange.VideoPlayerStoryboardTests;
				PRODUCT_NAME = "$(TARGET_NAME)";
				SWIFT_OBJC_BRIDGING_HEADER = "VideoPlayerStoryboard/View/VideoPlayerStoryboardTests-Bridging-Header.h";
				SWIFT_OPTIMIZATION_LEVEL = "-Onone";
				SWIFT_VERSION = 5.0;
				TARGETED_DEVICE_FAMILY = "1,2";
				TEST_HOST = "$(BUILT_PRODUCTS_DIR)/VideoPlayerStoryboard.app/VideoPlayerStoryboard";
			};
			name = Debug;
		};
		3AF67AC625A64DF600D360A7 /* Release */ = {
			isa = XCBuildConfiguration;
			baseConfigurationReference = 11BD1B92AC34379C51472520 /* Pods-VideoPlayerStoryboardTests.release.xcconfig */;
			buildSettings = {
				ALWAYS_EMBED_SWIFT_STANDARD_LIBRARIES = YES;
				BUNDLE_LOADER = "$(TEST_HOST)";
				CLANG_ENABLE_MODULES = YES;
				CODE_SIGN_STYLE = Automatic;
				INFOPLIST_FILE = VideoPlayerStoryboardTests/Info.plist;
				IPHONEOS_DEPLOYMENT_TARGET = 14.1;
				LD_RUNPATH_SEARCH_PATHS = (
					"$(inherited)",
					"@executable_path/Frameworks",
					"@loader_path/Frameworks",
				);
				PRODUCT_BUNDLE_IDENTIFIER = com.silverorange.VideoPlayerStoryboardTests;
				PRODUCT_NAME = "$(TARGET_NAME)";
				SWIFT_OBJC_BRIDGING_HEADER = "VideoPlayerStoryboard/View/VideoPlayerStoryboardTests-Bridging-Header.h";
				SWIFT_VERSION = 5.0;
				TARGETED_DEVICE_FAMILY = "1,2";
				TEST_HOST = "$(BUILT_PRODUCTS_DIR)/VideoPlayerStoryboard.app/VideoPlayerStoryboard";
			};
			name = Release;
		};
		3AF67AC825A64DF600D360A7 /* Debug */ = {
			isa = XCBuildConfiguration;
			baseConfigurationReference = A732F740FC0A1FE82C10B989 /* Pods-VideoPlayerStoryboard-VideoPlayerStoryboardUITests.debug.xcconfig */;
			buildSettings = {
				ALWAYS_EMBED_SWIFT_STANDARD_LIBRARIES = YES;
				CLANG_ENABLE_MODULES = YES;
				CODE_SIGN_STYLE = Automatic;
				INFOPLIST_FILE = VideoPlayerStoryboardUITests/Info.plist;
				LD_RUNPATH_SEARCH_PATHS = (
					"$(inherited)",
					"@executable_path/Frameworks",
					"@loader_path/Frameworks",
				);
				PRODUCT_BUNDLE_IDENTIFIER = com.silverorange.VideoPlayerStoryboardUITests;
				PRODUCT_NAME = "$(TARGET_NAME)";
				SWIFT_OBJC_BRIDGING_HEADER = "VideoPlayerStoryboard/View/VideoPlayerStoryboardUITests-Bridging-Header.h";
				SWIFT_OPTIMIZATION_LEVEL = "-Onone";
				SWIFT_VERSION = 5.0;
				TARGETED_DEVICE_FAMILY = "1,2";
				TEST_TARGET_NAME = VideoPlayerStoryboard;
			};
			name = Debug;
		};
		3AF67AC925A64DF600D360A7 /* Release */ = {
			isa = XCBuildConfiguration;
			baseConfigurationReference = DCEB3EDBD7E31F3CE1710580 /* Pods-VideoPlayerStoryboard-VideoPlayerStoryboardUITests.release.xcconfig */;
			buildSettings = {
				ALWAYS_EMBED_SWIFT_STANDARD_LIBRARIES = YES;
				CLANG_ENABLE_MODULES = YES;
				CODE_SIGN_STYLE = Automatic;
				INFOPLIST_FILE = VideoPlayerStoryboardUITests/Info.plist;
				LD_RUNPATH_SEARCH_PATHS = (
					"$(inherited)",
					"@executable_path/Frameworks",
					"@loader_path/Frameworks",
				);
				PRODUCT_BUNDLE_IDENTIFIER = com.silverorange.VideoPlayerStoryboardUITests;
				PRODUCT_NAME = "$(TARGET_NAME)";
				SWIFT_OBJC_BRIDGING_HEADER = "VideoPlayerStoryboard/View/VideoPlayerStoryboardUITests-Bridging-Header.h";
				SWIFT_VERSION = 5.0;
				TARGETED_DEVICE_FAMILY = "1,2";
				TEST_TARGET_NAME = VideoPlayerStoryboard;
			};
			name = Release;
		};
/* End XCBuildConfiguration section */

/* Begin XCConfigurationList section */
		3AF67A8D25A64DF400D360A7 /* Build configuration list for PBXProject "VideoPlayerStoryboard" */ = {
			isa = XCConfigurationList;
			buildConfigurations = (
				3AF67ABF25A64DF600D360A7 /* Debug */,
				3AF67AC025A64DF600D360A7 /* Release */,
			);
			defaultConfigurationIsVisible = 0;
			defaultConfigurationName = Release;
		};
		3AF67AC125A64DF600D360A7 /* Build configuration list for PBXNativeTarget "VideoPlayerStoryboard" */ = {
			isa = XCConfigurationList;
			buildConfigurations = (
				3AF67AC225A64DF600D360A7 /* Debug */,
				3AF67AC325A64DF600D360A7 /* Release */,
			);
			defaultConfigurationIsVisible = 0;
			defaultConfigurationName = Release;
		};
		3AF67AC425A64DF600D360A7 /* Build configuration list for PBXNativeTarget "VideoPlayerStoryboardTests" */ = {
			isa = XCConfigurationList;
			buildConfigurations = (
				3AF67AC525A64DF600D360A7 /* Debug */,
				3AF67AC625A64DF600D360A7 /* Release */,
			);
			defaultConfigurationIsVisible = 0;
			defaultConfigurationName = Release;
		};
		3AF67AC725A64DF600D360A7 /* Build configuration list for PBXNativeTarget "VideoPlayerStoryboardUITests" */ = {
			isa = XCConfigurationList;
			buildConfigurations = (
				3AF67AC825A64DF600D360A7 /* Debug */,
				3AF67AC925A64DF600D360A7 /* Release */,
			);
			defaultConfigurationIsVisible = 0;
			defaultConfigurationName = Release;
		};
/* End XCConfigurationList section */
	};
	rootObject = 3AF67A8A25A64DF400D360A7 /* Project object */;
}
